{
  "nodes": {
    "adm": {
      "inputs": {
        "nixpkgs": [
          "nixpkgs"
        ]
      },
      "locked": {
        "lastModified": 1693452615,
        "narHash": "sha256-ZHbSmq6sKo1oo2DjVdU6R1rU003zT89SoUg3u0c0Rpc=",
        "owner": "exclusive-and",
        "repo": "ApplicativeDoMore",
        "rev": "39001a6ec26c8859ee0422ab476a03cda630953b",
        "type": "github"
      },
      "original": {
        "owner": "exclusive-and",
        "repo": "ApplicativeDoMore",
        "type": "github"
      }
    },
    "nixpkgs": {
      "locked": {
        "lastModified": 1693428224,
        "narHash": "sha256-FWUUlhYqkGEySUD0blTADRiDQ7fw+H1ikivfu88uy+w=",
        "owner": "NixOS",
        "repo": "nixpkgs",
        "rev": "841889913dfd06a70ffb39f603e29e46f45f0c1a",
        "type": "github"
      },
      "original": {
        "id": "nixpkgs",
        "ref": "nixos-23.05",
        "type": "indirect"
      }
    },
    "root": {
      "inputs": {
        "adm": "adm",
        "nixpkgs": "nixpkgs"
      }
    }
  },
  "root": "root",
  "version": 7
}
